
Microsoft Visual Studio Solution File, Format Version 12.00
# Visual Studio 15
VisualStudioVersion = 15.0.28010.2046
MinimumVisualStudioVersion = 10.0.40219.1
Project("{FAE04EC0-301F-11D3-BF4B-00C04F79EFBC}") = "Com.Ericmas001.Mvvm", "Com.Ericmas001.Mvvm\Com.Ericmas001.Mvvm.csproj", "{FF3C4D63-DFED-45CB-B46B-08DC0ADF188B}"
EndProject
Project("{FAE04EC0-301F-11D3-BF4B-00C04F79EFBC}") = "Com.Ericmas001.Mvvm.Demo", "Com.Ericmas001.Mvvm.Demo\Com.Ericmas001.Mvvm.Demo.csproj", "{09A5D23C-88C5-4387-8B77-F0D3BC6E75E5}"
EndProject
Project("{2150E333-8FDC-42A3-9474-1A3956D46DE8}") = "Solution Items", "Solution Items", "{18880B5A-8850-4929-B958-408C5FB245DA}"
	ProjectSection(SolutionItems) = preProject
		.gitignore = .gitignore
		Com.Ericmas001.Mvvm.nuspec = Com.Ericmas001.Mvvm.nuspec
		LICENSE = LICENSE
		README.md = README.md
	EndProjectSection
EndProject
Global
	GlobalSection(SolutionConfigurationPlatforms) = preSolution
		Debug|Any CPU = Debug|Any CPU
		Release|Any CPU = Release|Any CPU
	EndGlobalSection
	GlobalSection(ProjectConfigurationPlatforms) = postSolution
		{FF3C4D63-DFED-45CB-B46B-08DC0ADF188B}.Debug|Any CPU.ActiveCfg = Debug|Any CPU
		{FF3C4D63-DFED-45CB-B46B-08DC0ADF188B}.Debug|Any CPU.Build.0 = Debug|Any CPU
		{FF3C4D63-DFED-45CB-B46B-08DC0ADF188B}.Release|Any CPU.ActiveCfg = Release|Any CPU
		{FF3C4D63-DFED-45CB-B46B-08DC0ADF188B}.Release|Any CPU.Build.0 = Release|Any CPU
		{09A5D23C-88C5-4387-8B77-F0D3BC6E75E5}.Debug|Any CPU.ActiveCfg = Debug|Any CPU
		{09A5D23C-88C5-4387-8B77-F0D3BC6E75E5}.Debug|Any CPU.Build.0 = Debug|Any CPU
		{09A5D23C-88C5-4387-8B77-F0D3BC6E75E5}.Release|Any CPU.ActiveCfg = Release|Any CPU
		{09A5D23C-88C5-4387-8B77-F0D3BC6E75E5}.Release|Any CPU.Build.0 = Release|Any CPU
	EndGlobalSection
	GlobalSection(SolutionProperties) = preSolution
		HideSolutionNode = FALSE
	EndGlobalSection
	GlobalSection(ExtensibilityGlobals) = postSolution
		SolutionGuid = {F4158DFA-77AD-419C-9128-9F956A871621}
	EndGlobalSection
EndGlobal
