
Microsoft Visual Studio Solution File, Format Version 12.00
# Visual Studio Version 16
VisualStudioVersion = 16.0.29509.3
MinimumVisualStudioVersion = 10.0.40219.1
Project("{FAE04EC0-301F-11D3-BF4B-00C04F79EFBC}") = "Com.Ericmas001.Mvvm", "Com.Ericmas001.Mvvm\Com.Ericmas001.Mvvm.csproj", "{FF3C4D63-DFED-45CB-B46B-08DC0ADF188B}"
EndProject
Project("{FAE04EC0-301F-11D3-BF4B-00C04F79EFBC}") = "Com.Ericmas001.Mvvm.Demo", "Com.Ericmas001.Mvvm.Demo\Com.Ericmas001.Mvvm.Demo.csproj", "{09A5D23C-88C5-4387-8B77-F0D3BC6E75E5}"
EndProject
Project("{2150E333-8FDC-42A3-9474-1A3956D46DE8}") = "Solution Items", "Solution Items", "{18880B5A-8850-4929-B958-408C5FB245DA}"
	ProjectSection(SolutionItems) = preProject
		.gitignore = .gitignore
		Com.Ericmas001.Mvvm.nuspec = Com.Ericmas001.Mvvm.nuspec
		LICENSE = LICENSE
		README.md = README.md
	EndProjectSection
EndProject
Project("{9A19103F-16F7-4668-BE54-9A1E7A4F7556}") = "Com.Ericmas001.MvvmCore", "Com.Ericmas001.MvvmCore\Com.Ericmas001.MvvmCore.csproj", "{3C40CEB5-1898-4562-A6B2-A98A06B0CDDA}"
EndProject
Project("{D954291E-2A0B-460D-934E-DC6B0785DB48}") = "Com.Ericmas001.Mvvm.Shared", "Com.Ericmas001.Mvvm.Shared\Com.Ericmas001.Mvvm.Shared.shproj", "{6BF703D4-0FB9-4088-BDAC-FDFB8ADCF699}"
EndProject
Global
	GlobalSection(SharedMSBuildProjectFiles) = preSolution
		Com.Ericmas001.Mvvm.Shared\Com.Ericmas001.Mvvm.Shared.projitems*{6bf703d4-0fb9-4088-bdac-fdfb8adcf699}*SharedItemsImports = 13
		Com.Ericmas001.Mvvm.Shared\Com.Ericmas001.Mvvm.Shared.projitems*{ff3c4d63-dfed-45cb-b46b-08dc0adf188b}*SharedItemsImports = 4
	EndGlobalSection
	GlobalSection(SolutionConfigurationPlatforms) = preSolution
		Debug|Any CPU = Debug|Any CPU
		Release|Any CPU = Release|Any CPU
	EndGlobalSection
	GlobalSection(ProjectConfigurationPlatforms) = postSolution
		{FF3C4D63-DFED-45CB-B46B-08DC0ADF188B}.Debug|Any CPU.ActiveCfg = Debug|Any CPU
		{FF3C4D63-DFED-45CB-B46B-08DC0ADF188B}.Debug|Any CPU.Build.0 = Debug|Any CPU
		{FF3C4D63-DFED-45CB-B46B-08DC0ADF188B}.Release|Any CPU.ActiveCfg = Release|Any CPU
		{FF3C4D63-DFED-45CB-B46B-08DC0ADF188B}.Release|Any CPU.Build.0 = Release|Any CPU
		{09A5D23C-88C5-4387-8B77-F0D3BC6E75E5}.Debug|Any CPU.ActiveCfg = Debug|Any CPU
		{09A5D23C-88C5-4387-8B77-F0D3BC6E75E5}.Debug|Any CPU.Build.0 = Debug|Any CPU
		{09A5D23C-88C5-4387-8B77-F0D3BC6E75E5}.Release|Any CPU.ActiveCfg = Release|Any CPU
		{09A5D23C-88C5-4387-8B77-F0D3BC6E75E5}.Release|Any CPU.Build.0 = Release|Any CPU
		{3C40CEB5-1898-4562-A6B2-A98A06B0CDDA}.Debug|Any CPU.ActiveCfg = Debug|Any CPU
		{3C40CEB5-1898-4562-A6B2-A98A06B0CDDA}.Debug|Any CPU.Build.0 = Debug|Any CPU
		{3C40CEB5-1898-4562-A6B2-A98A06B0CDDA}.Release|Any CPU.ActiveCfg = Release|Any CPU
		{3C40CEB5-1898-4562-A6B2-A98A06B0CDDA}.Release|Any CPU.Build.0 = Release|Any CPU
	EndGlobalSection
	GlobalSection(SolutionProperties) = preSolution
		HideSolutionNode = FALSE
	EndGlobalSection
	GlobalSection(ExtensibilityGlobals) = postSolution
		SolutionGuid = {F4158DFA-77AD-419C-9128-9F956A871621}
	EndGlobalSection
EndGlobal
